
Microsoft Visual Studio Solution File, Format Version 12.00
# Visual Studio Version 17
VisualStudioVersion = 17.12.35707.178
MinimumVisualStudioVersion = 10.0.40219.1
Project("{8BC9CEB8-8B4A-11D0-8D11-00A0C91BC942}") = "KALEVICH_DLL", "KALEVICH_DLL\KALEVICH_DLL.vcxproj", "{B6143CD8-EA23-4D5C-8BF8-4D93D0C75EA2}"
EndProject
Project("{8BC9CEB8-8B4A-11D0-8D11-00A0C91BC942}") = "KALEVICH_DLL_I", "KALEVICH_DLL_I\KALEVICH_DLL_I.vcxproj", "{F7D2655A-7619-4FCF-B540-66522FF17643}"
EndProject
Project("{8BC9CEB8-8B4A-11D0-8D11-00A0C91BC942}") = "KALEVICH_DLL_E", "KALEVICH_DLL_E\KALEVICH_DLL_E.vcxproj", "{A962A5D6-A3B1-4E26-9F02-3E689878229D}"
EndProject
Global
	GlobalSection(SolutionConfigurationPlatforms) = preSolution
		Debug|x64 = Debug|x64
		Debug|x86 = Debug|x86
		Release|x64 = Release|x64
		Release|x86 = Release|x86
	EndGlobalSection
	GlobalSection(ProjectConfigurationPlatforms) = postSolution
		{B6143CD8-EA23-4D5C-8BF8-4D93D0C75EA2}.Debug|x64.ActiveCfg = Debug|x64
		{B6143CD8-EA23-4D5C-8BF8-4D93D0C75EA2}.Debug|x64.Build.0 = Debug|x64
		{B6143CD8-EA23-4D5C-8BF8-4D93D0C75EA2}.Debug|x86.ActiveCfg = Debug|Win32
		{B6143CD8-EA23-4D5C-8BF8-4D93D0C75EA2}.Debug|x86.Build.0 = Debug|Win32
		{B6143CD8-EA23-4D5C-8BF8-4D93D0C75EA2}.Release|x64.ActiveCfg = Release|x64
		{B6143CD8-EA23-4D5C-8BF8-4D93D0C75EA2}.Release|x64.Build.0 = Release|x64
		{B6143CD8-EA23-4D5C-8BF8-4D93D0C75EA2}.Release|x86.ActiveCfg = Release|Win32
		{B6143CD8-EA23-4D5C-8BF8-4D93D0C75EA2}.Release|x86.Build.0 = Release|Win32
		{F7D2655A-7619-4FCF-B540-66522FF17643}.Debug|x64.ActiveCfg = Debug|x64
		{F7D2655A-7619-4FCF-B540-66522FF17643}.Debug|x64.Build.0 = Debug|x64
		{F7D2655A-7619-4FCF-B540-66522FF17643}.Debug|x86.ActiveCfg = Debug|Win32
		{F7D2655A-7619-4FCF-B540-66522FF17643}.Debug|x86.Build.0 = Debug|Win32
		{F7D2655A-7619-4FCF-B540-66522FF17643}.Release|x64.ActiveCfg = Release|x64
		{F7D2655A-7619-4FCF-B540-66522FF17643}.Release|x64.Build.0 = Release|x64
		{F7D2655A-7619-4FCF-B540-66522FF17643}.Release|x86.ActiveCfg = Release|Win32
		{F7D2655A-7619-4FCF-B540-66522FF17643}.Release|x86.Build.0 = Release|Win32
		{A962A5D6-A3B1-4E26-9F02-3E689878229D}.Debug|x64.ActiveCfg = Debug|x64
		{A962A5D6-A3B1-4E26-9F02-3E689878229D}.Debug|x64.Build.0 = Debug|x64
		{A962A5D6-A3B1-4E26-9F02-3E689878229D}.Debug|x86.ActiveCfg = Debug|Win32
		{A962A5D6-A3B1-4E26-9F02-3E689878229D}.Debug|x86.Build.0 = Debug|Win32
		{A962A5D6-A3B1-4E26-9F02-3E689878229D}.Release|x64.ActiveCfg = Release|x64
		{A962A5D6-A3B1-4E26-9F02-3E689878229D}.Release|x64.Build.0 = Release|x64
		{A962A5D6-A3B1-4E26-9F02-3E689878229D}.Release|x86.ActiveCfg = Release|Win32
		{A962A5D6-A3B1-4E26-9F02-3E689878229D}.Release|x86.Build.0 = Release|Win32
	EndGlobalSection
	GlobalSection(SolutionProperties) = preSolution
		HideSolutionNode = FALSE
	EndGlobalSection
EndGlobal
