
Microsoft Visual Studio Solution File, Format Version 12.00
# Visual Studio Version 17
VisualStudioVersion = 17.12.35506.116 d17.12
MinimumVisualStudioVersion = 10.0.40219.1
Project("{8BC9CEB8-8B4A-11D0-8D11-00A0C91BC942}") = "Sp_CP1", "Sp_CP1.vcxproj", "{0CDBFB9E-8572-44E6-B847-66CC445864DE}"
EndProject
Global
	GlobalSection(SolutionConfigurationPlatforms) = preSolution
		Debug|x64 = Debug|x64
		Debug|x86 = Debug|x86
		Release|x64 = Release|x64
		Release|x86 = Release|x86
	EndGlobalSection
	GlobalSection(ProjectConfigurationPlatforms) = postSolution
		{0CDBFB9E-8572-44E6-B847-66CC445864DE}.Debug|x64.ActiveCfg = Debug|x64
		{0CDBFB9E-8572-44E6-B847-66CC445864DE}.Debug|x64.Build.0 = Debug|x64
		{0CDBFB9E-8572-44E6-B847-66CC445864DE}.Debug|x86.ActiveCfg = Debug|Win32
		{0CDBFB9E-8572-44E6-B847-66CC445864DE}.Debug|x86.Build.0 = Debug|Win32
		{0CDBFB9E-8572-44E6-B847-66CC445864DE}.Release|x64.ActiveCfg = Release|x64
		{0CDBFB9E-8572-44E6-B847-66CC445864DE}.Release|x64.Build.0 = Release|x64
		{0CDBFB9E-8572-44E6-B847-66CC445864DE}.Release|x86.ActiveCfg = Release|Win32
		{0CDBFB9E-8572-44E6-B847-66CC445864DE}.Release|x86.Build.0 = Release|Win32
	EndGlobalSection
	GlobalSection(SolutionProperties) = preSolution
		HideSolutionNode = FALSE
	EndGlobalSection
EndGlobal
